
Microsoft Visual Studio Solution File, Format Version 12.00
# Visual Studio 15
VisualStudioVersion = 15.0.26430.6
MinimumVisualStudioVersion = 10.0.40219.1
Project("{F2A71F9B-5D33-465A-A702-920D77279786}") = "HelloWorld", "FSharpBasics\HelloWorld.fsproj", "{86B58ED9-835F-4EF5-9F4C-ED179234A1C7}"
EndProject
Project("{F2A71F9B-5D33-465A-A702-920D77279786}") = "EntryPoint", "EntryPoint\EntryPoint.fsproj", "{712DB55E-A075-495F-8E02-31061ED78EF4}"
EndProject
Project("{F2A71F9B-5D33-465A-A702-920D77279786}") = "UseDisposable", "UseDisposable\UseDisposable.fsproj", "{A9E5B600-150B-4487-993A-66F278D5CF65}"
EndProject
Project("{F2A71F9B-5D33-465A-A702-920D77279786}") = "OptionalParams", "OptionalParams\OptionalParams.fsproj", "{66559A2D-3550-4147-AE08-1EA07CE118C4}"
EndProject
Project("{F2A71F9B-5D33-465A-A702-920D77279786}") = "Enumerations", "Enumerations\Enumerations.fsproj", "{D38FAB1E-D18A-481A-A1BF-4DE82C45054D}"
EndProject
Global
	GlobalSection(SolutionConfigurationPlatforms) = preSolution
		Debug|Any CPU = Debug|Any CPU
		Release|Any CPU = Release|Any CPU
	EndGlobalSection
	GlobalSection(ProjectConfigurationPlatforms) = postSolution
		{86B58ED9-835F-4EF5-9F4C-ED179234A1C7}.Debug|Any CPU.ActiveCfg = Debug|Any CPU
		{86B58ED9-835F-4EF5-9F4C-ED179234A1C7}.Debug|Any CPU.Build.0 = Debug|Any CPU
		{86B58ED9-835F-4EF5-9F4C-ED179234A1C7}.Release|Any CPU.ActiveCfg = Release|Any CPU
		{86B58ED9-835F-4EF5-9F4C-ED179234A1C7}.Release|Any CPU.Build.0 = Release|Any CPU
		{712DB55E-A075-495F-8E02-31061ED78EF4}.Debug|Any CPU.ActiveCfg = Debug|Any CPU
		{712DB55E-A075-495F-8E02-31061ED78EF4}.Debug|Any CPU.Build.0 = Debug|Any CPU
		{712DB55E-A075-495F-8E02-31061ED78EF4}.Release|Any CPU.ActiveCfg = Release|Any CPU
		{712DB55E-A075-495F-8E02-31061ED78EF4}.Release|Any CPU.Build.0 = Release|Any CPU
		{A9E5B600-150B-4487-993A-66F278D5CF65}.Debug|Any CPU.ActiveCfg = Debug|Any CPU
		{A9E5B600-150B-4487-993A-66F278D5CF65}.Debug|Any CPU.Build.0 = Debug|Any CPU
		{A9E5B600-150B-4487-993A-66F278D5CF65}.Release|Any CPU.ActiveCfg = Release|Any CPU
		{A9E5B600-150B-4487-993A-66F278D5CF65}.Release|Any CPU.Build.0 = Release|Any CPU
		{66559A2D-3550-4147-AE08-1EA07CE118C4}.Debug|Any CPU.ActiveCfg = Debug|Any CPU
		{66559A2D-3550-4147-AE08-1EA07CE118C4}.Debug|Any CPU.Build.0 = Debug|Any CPU
		{66559A2D-3550-4147-AE08-1EA07CE118C4}.Release|Any CPU.ActiveCfg = Release|Any CPU
		{66559A2D-3550-4147-AE08-1EA07CE118C4}.Release|Any CPU.Build.0 = Release|Any CPU
		{D38FAB1E-D18A-481A-A1BF-4DE82C45054D}.Debug|Any CPU.ActiveCfg = Debug|Any CPU
		{D38FAB1E-D18A-481A-A1BF-4DE82C45054D}.Debug|Any CPU.Build.0 = Debug|Any CPU
		{D38FAB1E-D18A-481A-A1BF-4DE82C45054D}.Release|Any CPU.ActiveCfg = Release|Any CPU
		{D38FAB1E-D18A-481A-A1BF-4DE82C45054D}.Release|Any CPU.Build.0 = Release|Any CPU
	EndGlobalSection
	GlobalSection(SolutionProperties) = preSolution
		HideSolutionNode = FALSE
	EndGlobalSection
EndGlobal
