
Microsoft Visual Studio Solution File, Format Version 12.00
# Visual Studio 15
VisualStudioVersion = 15.0.26430.12
MinimumVisualStudioVersion = 10.0.40219.1
Project("{F2A71F9B-5D33-465A-A702-920D77279786}") = "EntryPoint", "EntryPoint\EntryPoint.fsproj", "{712DB55E-A075-495F-8E02-31061ED78EF4}"
EndProject
Project("{F2A71F9B-5D33-465A-A702-920D77279786}") = "UseDisposable", "UseDisposable\UseDisposable.fsproj", "{A9E5B600-150B-4487-993A-66F278D5CF65}"
EndProject
Project("{F2A71F9B-5D33-465A-A702-920D77279786}") = "OptionalParams", "OptionalParams\OptionalParams.fsproj", "{66559A2D-3550-4147-AE08-1EA07CE118C4}"
EndProject
Project("{F2A71F9B-5D33-465A-A702-920D77279786}") = "Enumerations", "Enumerations\Enumerations.fsproj", "{D38FAB1E-D18A-481A-A1BF-4DE82C45054D}"
EndProject
Project("{F2A71F9B-5D33-465A-A702-920D77279786}") = "FizzBuzz", "FizzBuzz\FizzBuzz.fsproj", "{97737420-1B77-48FC-8238-75D7D470CBF8}"
EndProject
Project("{2150E333-8FDC-42A3-9474-1A3956D46DE8}") = "FlowControl", "FlowControl", "{80569921-07B0-4BC6-969B-3EEAA78A9264}"
EndProject
Project("{2150E333-8FDC-42A3-9474-1A3956D46DE8}") = "Basics", "Basics", "{F93F6B0E-98F6-4ABC-AF89-EE6C80974EBD}"
EndProject
Project("{F2A71F9B-5D33-465A-A702-920D77279786}") = "GCD", "GCD\GCD.fsproj", "{74771A93-34E5-483F-B1E0-6787CD8F24B8}"
EndProject
Project("{F2A71F9B-5D33-465A-A702-920D77279786}") = "Loop", "Loop\Loop.fsproj", "{3C00D836-C372-494C-A8B0-FB84917962EB}"
EndProject
Project("{F2A71F9B-5D33-465A-A702-920D77279786}") = "Branches", "Branches\Branches.fsproj", "{7C30D373-AF1D-428F-929B-7E40FAB2F09A}"
EndProject
Project("{2150E333-8FDC-42A3-9474-1A3956D46DE8}") = "Types", "Types", "{EA6763E7-223C-4416-8353-84CA86D969BD}"
EndProject
Project("{F2A71F9B-5D33-465A-A702-920D77279786}") = "Generics", "Generics\Generics.fsproj", "{0A19183F-D03B-4FBE-8A1A-E01E61105A53}"
EndProject
Project("{F2A71F9B-5D33-465A-A702-920D77279786}") = "Strings", "Strings\Strings.fsproj", "{40F6DD47-DE7A-4229-A348-016182F05B47}"
EndProject
Project("{2150E333-8FDC-42A3-9474-1A3956D46DE8}") = "Classes and Objects", "Classes and Objects", "{56448A35-299F-4C3B-935D-ADC093A37988}"
EndProject
Project("{F2A71F9B-5D33-465A-A702-920D77279786}") = "Calculator", "Calculator\Calculator.fsproj", "{5CCF1A7B-3A32-429F-B194-2F2730C2A759}"
EndProject
Project("{F2A71F9B-5D33-465A-A702-920D77279786}") = "Events", "Events\Events.fsproj", "{7FB85D94-E105-4308-8D38-C8D64397631A}"
EndProject
Project("{F2A71F9B-5D33-465A-A702-920D77279786}") = "Warriors (Inheritance and Interfaces)", "Warriors (Inheritance and Interfaces)\Warriors (Inheritance and Interfaces).fsproj", "{F73726FA-60B0-4468-ABE1-F4B13882B1FD}"
EndProject
Global
	GlobalSection(SolutionConfigurationPlatforms) = preSolution
		Debug|Any CPU = Debug|Any CPU
		Release|Any CPU = Release|Any CPU
	EndGlobalSection
	GlobalSection(ProjectConfigurationPlatforms) = postSolution
		{712DB55E-A075-495F-8E02-31061ED78EF4}.Debug|Any CPU.ActiveCfg = Debug|Any CPU
		{712DB55E-A075-495F-8E02-31061ED78EF4}.Debug|Any CPU.Build.0 = Debug|Any CPU
		{712DB55E-A075-495F-8E02-31061ED78EF4}.Release|Any CPU.ActiveCfg = Release|Any CPU
		{712DB55E-A075-495F-8E02-31061ED78EF4}.Release|Any CPU.Build.0 = Release|Any CPU
		{A9E5B600-150B-4487-993A-66F278D5CF65}.Debug|Any CPU.ActiveCfg = Debug|Any CPU
		{A9E5B600-150B-4487-993A-66F278D5CF65}.Debug|Any CPU.Build.0 = Debug|Any CPU
		{A9E5B600-150B-4487-993A-66F278D5CF65}.Release|Any CPU.ActiveCfg = Release|Any CPU
		{A9E5B600-150B-4487-993A-66F278D5CF65}.Release|Any CPU.Build.0 = Release|Any CPU
		{66559A2D-3550-4147-AE08-1EA07CE118C4}.Debug|Any CPU.ActiveCfg = Debug|Any CPU
		{66559A2D-3550-4147-AE08-1EA07CE118C4}.Debug|Any CPU.Build.0 = Debug|Any CPU
		{66559A2D-3550-4147-AE08-1EA07CE118C4}.Release|Any CPU.ActiveCfg = Release|Any CPU
		{66559A2D-3550-4147-AE08-1EA07CE118C4}.Release|Any CPU.Build.0 = Release|Any CPU
		{D38FAB1E-D18A-481A-A1BF-4DE82C45054D}.Debug|Any CPU.ActiveCfg = Debug|Any CPU
		{D38FAB1E-D18A-481A-A1BF-4DE82C45054D}.Debug|Any CPU.Build.0 = Debug|Any CPU
		{D38FAB1E-D18A-481A-A1BF-4DE82C45054D}.Release|Any CPU.ActiveCfg = Release|Any CPU
		{D38FAB1E-D18A-481A-A1BF-4DE82C45054D}.Release|Any CPU.Build.0 = Release|Any CPU
		{97737420-1B77-48FC-8238-75D7D470CBF8}.Debug|Any CPU.ActiveCfg = Debug|Any CPU
		{97737420-1B77-48FC-8238-75D7D470CBF8}.Debug|Any CPU.Build.0 = Debug|Any CPU
		{97737420-1B77-48FC-8238-75D7D470CBF8}.Release|Any CPU.ActiveCfg = Release|Any CPU
		{97737420-1B77-48FC-8238-75D7D470CBF8}.Release|Any CPU.Build.0 = Release|Any CPU
		{74771A93-34E5-483F-B1E0-6787CD8F24B8}.Debug|Any CPU.ActiveCfg = Debug|Any CPU
		{74771A93-34E5-483F-B1E0-6787CD8F24B8}.Debug|Any CPU.Build.0 = Debug|Any CPU
		{74771A93-34E5-483F-B1E0-6787CD8F24B8}.Release|Any CPU.ActiveCfg = Release|Any CPU
		{74771A93-34E5-483F-B1E0-6787CD8F24B8}.Release|Any CPU.Build.0 = Release|Any CPU
		{3C00D836-C372-494C-A8B0-FB84917962EB}.Debug|Any CPU.ActiveCfg = Debug|Any CPU
		{3C00D836-C372-494C-A8B0-FB84917962EB}.Debug|Any CPU.Build.0 = Debug|Any CPU
		{3C00D836-C372-494C-A8B0-FB84917962EB}.Release|Any CPU.ActiveCfg = Release|Any CPU
		{3C00D836-C372-494C-A8B0-FB84917962EB}.Release|Any CPU.Build.0 = Release|Any CPU
		{7C30D373-AF1D-428F-929B-7E40FAB2F09A}.Debug|Any CPU.ActiveCfg = Debug|Any CPU
		{7C30D373-AF1D-428F-929B-7E40FAB2F09A}.Debug|Any CPU.Build.0 = Debug|Any CPU
		{7C30D373-AF1D-428F-929B-7E40FAB2F09A}.Release|Any CPU.ActiveCfg = Release|Any CPU
		{7C30D373-AF1D-428F-929B-7E40FAB2F09A}.Release|Any CPU.Build.0 = Release|Any CPU
		{0A19183F-D03B-4FBE-8A1A-E01E61105A53}.Debug|Any CPU.ActiveCfg = Debug|Any CPU
		{0A19183F-D03B-4FBE-8A1A-E01E61105A53}.Debug|Any CPU.Build.0 = Debug|Any CPU
		{0A19183F-D03B-4FBE-8A1A-E01E61105A53}.Release|Any CPU.ActiveCfg = Release|Any CPU
		{0A19183F-D03B-4FBE-8A1A-E01E61105A53}.Release|Any CPU.Build.0 = Release|Any CPU
		{40F6DD47-DE7A-4229-A348-016182F05B47}.Debug|Any CPU.ActiveCfg = Debug|Any CPU
		{40F6DD47-DE7A-4229-A348-016182F05B47}.Debug|Any CPU.Build.0 = Debug|Any CPU
		{40F6DD47-DE7A-4229-A348-016182F05B47}.Release|Any CPU.ActiveCfg = Release|Any CPU
		{40F6DD47-DE7A-4229-A348-016182F05B47}.Release|Any CPU.Build.0 = Release|Any CPU
		{5CCF1A7B-3A32-429F-B194-2F2730C2A759}.Debug|Any CPU.ActiveCfg = Debug|Any CPU
		{5CCF1A7B-3A32-429F-B194-2F2730C2A759}.Debug|Any CPU.Build.0 = Debug|Any CPU
		{5CCF1A7B-3A32-429F-B194-2F2730C2A759}.Release|Any CPU.ActiveCfg = Release|Any CPU
		{5CCF1A7B-3A32-429F-B194-2F2730C2A759}.Release|Any CPU.Build.0 = Release|Any CPU
		{7FB85D94-E105-4308-8D38-C8D64397631A}.Debug|Any CPU.ActiveCfg = Debug|Any CPU
		{7FB85D94-E105-4308-8D38-C8D64397631A}.Debug|Any CPU.Build.0 = Debug|Any CPU
		{7FB85D94-E105-4308-8D38-C8D64397631A}.Release|Any CPU.ActiveCfg = Release|Any CPU
		{7FB85D94-E105-4308-8D38-C8D64397631A}.Release|Any CPU.Build.0 = Release|Any CPU
		{F73726FA-60B0-4468-ABE1-F4B13882B1FD}.Debug|Any CPU.ActiveCfg = Debug|Any CPU
		{F73726FA-60B0-4468-ABE1-F4B13882B1FD}.Debug|Any CPU.Build.0 = Debug|Any CPU
		{F73726FA-60B0-4468-ABE1-F4B13882B1FD}.Release|Any CPU.ActiveCfg = Release|Any CPU
		{F73726FA-60B0-4468-ABE1-F4B13882B1FD}.Release|Any CPU.Build.0 = Release|Any CPU
	EndGlobalSection
	GlobalSection(SolutionProperties) = preSolution
		HideSolutionNode = FALSE
	EndGlobalSection
	GlobalSection(NestedProjects) = preSolution
		{712DB55E-A075-495F-8E02-31061ED78EF4} = {F93F6B0E-98F6-4ABC-AF89-EE6C80974EBD}
		{A9E5B600-150B-4487-993A-66F278D5CF65} = {F93F6B0E-98F6-4ABC-AF89-EE6C80974EBD}
		{66559A2D-3550-4147-AE08-1EA07CE118C4} = {F93F6B0E-98F6-4ABC-AF89-EE6C80974EBD}
		{D38FAB1E-D18A-481A-A1BF-4DE82C45054D} = {F93F6B0E-98F6-4ABC-AF89-EE6C80974EBD}
		{97737420-1B77-48FC-8238-75D7D470CBF8} = {F93F6B0E-98F6-4ABC-AF89-EE6C80974EBD}
		{74771A93-34E5-483F-B1E0-6787CD8F24B8} = {F93F6B0E-98F6-4ABC-AF89-EE6C80974EBD}
		{3C00D836-C372-494C-A8B0-FB84917962EB} = {80569921-07B0-4BC6-969B-3EEAA78A9264}
		{7C30D373-AF1D-428F-929B-7E40FAB2F09A} = {80569921-07B0-4BC6-969B-3EEAA78A9264}
		{0A19183F-D03B-4FBE-8A1A-E01E61105A53} = {EA6763E7-223C-4416-8353-84CA86D969BD}
		{40F6DD47-DE7A-4229-A348-016182F05B47} = {EA6763E7-223C-4416-8353-84CA86D969BD}
		{5CCF1A7B-3A32-429F-B194-2F2730C2A759} = {56448A35-299F-4C3B-935D-ADC093A37988}
		{7FB85D94-E105-4308-8D38-C8D64397631A} = {56448A35-299F-4C3B-935D-ADC093A37988}
		{F73726FA-60B0-4468-ABE1-F4B13882B1FD} = {56448A35-299F-4C3B-935D-ADC093A37988}
	EndGlobalSection
EndGlobal
